
Microsoft Visual Studio Solution File, Format Version 12.00
# Visual Studio Version 16
VisualStudioVersion = 16.0.31129.286
MinimumVisualStudioVersion = 10.0.40219.1
Project("{FAE04EC0-301F-11D3-BF4B-00C04F79EFBC}") = "AshoutlookanFarewell", "AshoutlookanFarewell\AshoutlookanFarewell.csproj", "{58E8B108-51AA-4448-95B5-AC4FC0AF41E1}"
EndProject
Global
	GlobalSection(SolutionConfigurationPlatforms) = preSolution
		Debug|Any CPU = Debug|Any CPU
		Release|Any CPU = Release|Any CPU
	EndGlobalSection
	GlobalSection(ProjectConfigurationPlatforms) = postSolution
		{58E8B108-51AA-4448-95B5-AC4FC0AF41E1}.Debug|Any CPU.ActiveCfg = Debug|Any CPU
		{58E8B108-51AA-4448-95B5-AC4FC0AF41E1}.Debug|Any CPU.Build.0 = Debug|Any CPU
		{58E8B108-51AA-4448-95B5-AC4FC0AF41E1}.Release|Any CPU.ActiveCfg = Release|Any CPU
		{58E8B108-51AA-4448-95B5-AC4FC0AF41E1}.Release|Any CPU.Build.0 = Release|Any CPU
	EndGlobalSection
	GlobalSection(SolutionProperties) = preSolution
		HideSolutionNode = FALSE
	EndGlobalSection
	GlobalSection(ExtensibilityGlobals) = postSolution
		SolutionGuid = {AFCD2EAF-1E08-47EF-9B52-719E4A6247FC}
	EndGlobalSection
EndGlobal
